
Microsoft Visual Studio Solution File, Format Version 12.00
# Visual Studio 15
VisualStudioVersion = 15.0.28010.2036
MinimumVisualStudioVersion = 10.0.40219.1
Project("{FAE04EC0-301F-11D3-BF4B-00C04F79EFBC}") = "WebApp", "WebApp\WebApp.csproj", "{9CF25A90-47D1-4819-8C83-59D7839955F1}"
EndProject
Project("{FAE04EC0-301F-11D3-BF4B-00C04F79EFBC}") = "Domain.App", "Domain.App\Domain.App.csproj", "{D386DC1D-79A0-4198-BBA8-B22597B94B3B}"
EndProject
Project("{FAE04EC0-301F-11D3-BF4B-00C04F79EFBC}") = "DAL.App.EF", "DAL.App.EF\DAL.App.EF.csproj", "{794AA080-FF11-4AAE-81F8-94C043CA7E67}"
EndProject
Project("{FAE04EC0-301F-11D3-BF4B-00C04F79EFBC}") = "Contracts.DAL.Base", "Contracts.DAL.Base\Contracts.DAL.Base.csproj", "{5CC7D57A-340F-483C-84AA-6610D78033F7}"
EndProject
Project("{FAE04EC0-301F-11D3-BF4B-00C04F79EFBC}") = "DAL.Base", "DAL.Base\DAL.Base.csproj", "{CEBE05A7-25BE-4ECC-93D1-6C74D4994EB9}"
EndProject
Project("{FAE04EC0-301F-11D3-BF4B-00C04F79EFBC}") = "Extensions", "Extensions\Extensions.csproj", "{C8D37676-78E4-466C-873C-69FE09BBA6DE}"
EndProject
Project("{FAE04EC0-301F-11D3-BF4B-00C04F79EFBC}") = "DAL.Base.EF", "DAL.Base.EF\DAL.Base.EF.csproj", "{2EC628EC-2A35-43BA-B916-6EDCAE4F3F24}"
EndProject
Project("{FAE04EC0-301F-11D3-BF4B-00C04F79EFBC}") = "Contracts.DAL.App", "Contracts.DAL.App\Contracts.DAL.App.csproj", "{6A6B2AD6-BEA3-40F9-8C30-78A802D58803}"
EndProject
Project("{FAE04EC0-301F-11D3-BF4B-00C04F79EFBC}") = "PublicApi.DTO.v1", "PublicApi.DTO.v1\PublicApi.DTO.v1.csproj", "{40D2CAEC-0B43-4824-89D1-D40FB3A73537}"
EndProject
Project("{FAE04EC0-301F-11D3-BF4B-00C04F79EFBC}") = "Resources", "Resources\Resources.csproj", "{BA2BD174-5EC0-446A-A303-65A85175AAC0}"
EndProject
Project("{FAE04EC0-301F-11D3-BF4B-00C04F79EFBC}") = "Contracts.BLL.Base", "Contracts.BLL.Base\Contracts.BLL.Base.csproj", "{DEFA66E9-E064-40AE-B01B-DF5ABDD196AB}"
EndProject
Project("{FAE04EC0-301F-11D3-BF4B-00C04F79EFBC}") = "BLL.Base", "BLL.Base\BLL.Base.csproj", "{DB77CE64-A9A0-4B13-9016-F8D441BF8F9C}"
EndProject
Project("{2150E333-8FDC-42A3-9474-1A3956D46DE8}") = "DAL", "DAL", "{4D51B499-A928-44D5-A5E0-C8E1E27A4CE0}"
EndProject
Project("{2150E333-8FDC-42A3-9474-1A3956D46DE8}") = "BLL", "BLL", "{12AFC53F-118C-48FF-9DA2-1C6C1D8B4B1C}"
EndProject
Project("{FAE04EC0-301F-11D3-BF4B-00C04F79EFBC}") = "BLL.App", "BLL.App\BLL.App.csproj", "{C6ED8A36-5582-49BB-946B-708CE041F99D}"
EndProject
Project("{FAE04EC0-301F-11D3-BF4B-00C04F79EFBC}") = "Contracts.BLL.App", "Contracts.BLL.App\Contracts.BLL.App.csproj", "{535F6DA6-1CA5-4EDB-9B25-FE0ADF3B4C45}"
EndProject
Project("{FAE04EC0-301F-11D3-BF4B-00C04F79EFBC}") = "BLL.App.DTO", "BLL.App.DTO\BLL.App.DTO.csproj", "{71C319C4-24DA-409B-90D3-565F899D3ACC}"
EndProject
Project("{FAE04EC0-301F-11D3-BF4B-00C04F79EFBC}") = "DAL.App.DTO", "DAL.App.DTO\DAL.App.DTO.csproj", "{67AE19C4-62B4-4649-9D9B-23FEBB09B688}"
EndProject
Project("{FAE04EC0-301F-11D3-BF4B-00C04F79EFBC}") = "Domain.Base", "Domain.Base\Domain.Base.csproj", "{45AE630F-221B-4C01-A9DF-9C3BA3F521E0}"
EndProject
Project("{2150E333-8FDC-42A3-9474-1A3956D46DE8}") = "DOMAIN", "DOMAIN", "{0D3290F9-529D-4430-A871-0763630D637E}"
EndProject
Project("{FAE04EC0-301F-11D3-BF4B-00C04F79EFBC}") = "Contracts.Domain", "Domain\Contracts.Domain\Contracts.Domain.csproj", "{FFFBFF4C-8799-4AD9-9497-0AAD7453A8F4}"
EndProject
Global
	GlobalSection(SolutionConfigurationPlatforms) = preSolution
		Debug|Any CPU = Debug|Any CPU
		Release|Any CPU = Release|Any CPU
	EndGlobalSection
	GlobalSection(ProjectConfigurationPlatforms) = postSolution
		{9CF25A90-47D1-4819-8C83-59D7839955F1}.Debug|Any CPU.ActiveCfg = Debug|Any CPU
		{9CF25A90-47D1-4819-8C83-59D7839955F1}.Debug|Any CPU.Build.0 = Debug|Any CPU
		{9CF25A90-47D1-4819-8C83-59D7839955F1}.Release|Any CPU.ActiveCfg = Release|Any CPU
		{9CF25A90-47D1-4819-8C83-59D7839955F1}.Release|Any CPU.Build.0 = Release|Any CPU
		{D386DC1D-79A0-4198-BBA8-B22597B94B3B}.Debug|Any CPU.ActiveCfg = Debug|Any CPU
		{D386DC1D-79A0-4198-BBA8-B22597B94B3B}.Debug|Any CPU.Build.0 = Debug|Any CPU
		{D386DC1D-79A0-4198-BBA8-B22597B94B3B}.Release|Any CPU.ActiveCfg = Release|Any CPU
		{D386DC1D-79A0-4198-BBA8-B22597B94B3B}.Release|Any CPU.Build.0 = Release|Any CPU
		{794AA080-FF11-4AAE-81F8-94C043CA7E67}.Debug|Any CPU.ActiveCfg = Debug|Any CPU
		{794AA080-FF11-4AAE-81F8-94C043CA7E67}.Debug|Any CPU.Build.0 = Debug|Any CPU
		{794AA080-FF11-4AAE-81F8-94C043CA7E67}.Release|Any CPU.ActiveCfg = Release|Any CPU
		{794AA080-FF11-4AAE-81F8-94C043CA7E67}.Release|Any CPU.Build.0 = Release|Any CPU
		{5CC7D57A-340F-483C-84AA-6610D78033F7}.Debug|Any CPU.ActiveCfg = Debug|Any CPU
		{5CC7D57A-340F-483C-84AA-6610D78033F7}.Debug|Any CPU.Build.0 = Debug|Any CPU
		{5CC7D57A-340F-483C-84AA-6610D78033F7}.Release|Any CPU.ActiveCfg = Release|Any CPU
		{5CC7D57A-340F-483C-84AA-6610D78033F7}.Release|Any CPU.Build.0 = Release|Any CPU
		{CEBE05A7-25BE-4ECC-93D1-6C74D4994EB9}.Debug|Any CPU.ActiveCfg = Debug|Any CPU
		{CEBE05A7-25BE-4ECC-93D1-6C74D4994EB9}.Debug|Any CPU.Build.0 = Debug|Any CPU
		{CEBE05A7-25BE-4ECC-93D1-6C74D4994EB9}.Release|Any CPU.ActiveCfg = Release|Any CPU
		{CEBE05A7-25BE-4ECC-93D1-6C74D4994EB9}.Release|Any CPU.Build.0 = Release|Any CPU
		{C8D37676-78E4-466C-873C-69FE09BBA6DE}.Debug|Any CPU.ActiveCfg = Debug|Any CPU
		{C8D37676-78E4-466C-873C-69FE09BBA6DE}.Debug|Any CPU.Build.0 = Debug|Any CPU
		{C8D37676-78E4-466C-873C-69FE09BBA6DE}.Release|Any CPU.ActiveCfg = Release|Any CPU
		{C8D37676-78E4-466C-873C-69FE09BBA6DE}.Release|Any CPU.Build.0 = Release|Any CPU
		{2EC628EC-2A35-43BA-B916-6EDCAE4F3F24}.Debug|Any CPU.ActiveCfg = Debug|Any CPU
		{2EC628EC-2A35-43BA-B916-6EDCAE4F3F24}.Debug|Any CPU.Build.0 = Debug|Any CPU
		{2EC628EC-2A35-43BA-B916-6EDCAE4F3F24}.Release|Any CPU.ActiveCfg = Release|Any CPU
		{2EC628EC-2A35-43BA-B916-6EDCAE4F3F24}.Release|Any CPU.Build.0 = Release|Any CPU
		{6A6B2AD6-BEA3-40F9-8C30-78A802D58803}.Debug|Any CPU.ActiveCfg = Debug|Any CPU
		{6A6B2AD6-BEA3-40F9-8C30-78A802D58803}.Debug|Any CPU.Build.0 = Debug|Any CPU
		{6A6B2AD6-BEA3-40F9-8C30-78A802D58803}.Release|Any CPU.ActiveCfg = Release|Any CPU
		{6A6B2AD6-BEA3-40F9-8C30-78A802D58803}.Release|Any CPU.Build.0 = Release|Any CPU
		{40D2CAEC-0B43-4824-89D1-D40FB3A73537}.Debug|Any CPU.ActiveCfg = Debug|Any CPU
		{40D2CAEC-0B43-4824-89D1-D40FB3A73537}.Debug|Any CPU.Build.0 = Debug|Any CPU
		{40D2CAEC-0B43-4824-89D1-D40FB3A73537}.Release|Any CPU.ActiveCfg = Release|Any CPU
		{40D2CAEC-0B43-4824-89D1-D40FB3A73537}.Release|Any CPU.Build.0 = Release|Any CPU
		{BA2BD174-5EC0-446A-A303-65A85175AAC0}.Debug|Any CPU.ActiveCfg = Debug|Any CPU
		{BA2BD174-5EC0-446A-A303-65A85175AAC0}.Debug|Any CPU.Build.0 = Debug|Any CPU
		{BA2BD174-5EC0-446A-A303-65A85175AAC0}.Release|Any CPU.ActiveCfg = Release|Any CPU
		{BA2BD174-5EC0-446A-A303-65A85175AAC0}.Release|Any CPU.Build.0 = Release|Any CPU
		{DEFA66E9-E064-40AE-B01B-DF5ABDD196AB}.Debug|Any CPU.ActiveCfg = Debug|Any CPU
		{DEFA66E9-E064-40AE-B01B-DF5ABDD196AB}.Debug|Any CPU.Build.0 = Debug|Any CPU
		{DEFA66E9-E064-40AE-B01B-DF5ABDD196AB}.Release|Any CPU.ActiveCfg = Release|Any CPU
		{DEFA66E9-E064-40AE-B01B-DF5ABDD196AB}.Release|Any CPU.Build.0 = Release|Any CPU
		{DB77CE64-A9A0-4B13-9016-F8D441BF8F9C}.Debug|Any CPU.ActiveCfg = Debug|Any CPU
		{DB77CE64-A9A0-4B13-9016-F8D441BF8F9C}.Debug|Any CPU.Build.0 = Debug|Any CPU
		{DB77CE64-A9A0-4B13-9016-F8D441BF8F9C}.Release|Any CPU.ActiveCfg = Release|Any CPU
		{DB77CE64-A9A0-4B13-9016-F8D441BF8F9C}.Release|Any CPU.Build.0 = Release|Any CPU
		{C6ED8A36-5582-49BB-946B-708CE041F99D}.Debug|Any CPU.ActiveCfg = Debug|Any CPU
		{C6ED8A36-5582-49BB-946B-708CE041F99D}.Debug|Any CPU.Build.0 = Debug|Any CPU
		{C6ED8A36-5582-49BB-946B-708CE041F99D}.Release|Any CPU.ActiveCfg = Release|Any CPU
		{C6ED8A36-5582-49BB-946B-708CE041F99D}.Release|Any CPU.Build.0 = Release|Any CPU
		{535F6DA6-1CA5-4EDB-9B25-FE0ADF3B4C45}.Debug|Any CPU.ActiveCfg = Debug|Any CPU
		{535F6DA6-1CA5-4EDB-9B25-FE0ADF3B4C45}.Debug|Any CPU.Build.0 = Debug|Any CPU
		{535F6DA6-1CA5-4EDB-9B25-FE0ADF3B4C45}.Release|Any CPU.ActiveCfg = Release|Any CPU
		{535F6DA6-1CA5-4EDB-9B25-FE0ADF3B4C45}.Release|Any CPU.Build.0 = Release|Any CPU
		{71C319C4-24DA-409B-90D3-565F899D3ACC}.Debug|Any CPU.ActiveCfg = Debug|Any CPU
		{71C319C4-24DA-409B-90D3-565F899D3ACC}.Debug|Any CPU.Build.0 = Debug|Any CPU
		{71C319C4-24DA-409B-90D3-565F899D3ACC}.Release|Any CPU.ActiveCfg = Release|Any CPU
		{71C319C4-24DA-409B-90D3-565F899D3ACC}.Release|Any CPU.Build.0 = Release|Any CPU
		{67AE19C4-62B4-4649-9D9B-23FEBB09B688}.Debug|Any CPU.ActiveCfg = Debug|Any CPU
		{67AE19C4-62B4-4649-9D9B-23FEBB09B688}.Debug|Any CPU.Build.0 = Debug|Any CPU
		{67AE19C4-62B4-4649-9D9B-23FEBB09B688}.Release|Any CPU.ActiveCfg = Release|Any CPU
		{67AE19C4-62B4-4649-9D9B-23FEBB09B688}.Release|Any CPU.Build.0 = Release|Any CPU
		{45AE630F-221B-4C01-A9DF-9C3BA3F521E0}.Debug|Any CPU.ActiveCfg = Debug|Any CPU
		{45AE630F-221B-4C01-A9DF-9C3BA3F521E0}.Debug|Any CPU.Build.0 = Debug|Any CPU
		{45AE630F-221B-4C01-A9DF-9C3BA3F521E0}.Release|Any CPU.ActiveCfg = Release|Any CPU
		{45AE630F-221B-4C01-A9DF-9C3BA3F521E0}.Release|Any CPU.Build.0 = Release|Any CPU
		{FFFBFF4C-8799-4AD9-9497-0AAD7453A8F4}.Debug|Any CPU.ActiveCfg = Debug|Any CPU
		{FFFBFF4C-8799-4AD9-9497-0AAD7453A8F4}.Debug|Any CPU.Build.0 = Debug|Any CPU
		{FFFBFF4C-8799-4AD9-9497-0AAD7453A8F4}.Release|Any CPU.ActiveCfg = Release|Any CPU
		{FFFBFF4C-8799-4AD9-9497-0AAD7453A8F4}.Release|Any CPU.Build.0 = Release|Any CPU
	EndGlobalSection
	GlobalSection(SolutionProperties) = preSolution
		HideSolutionNode = FALSE
	EndGlobalSection
	GlobalSection(ExtensibilityGlobals) = postSolution
		SolutionGuid = {229B68E9-36D4-42A4-A9F8-E7932A2273AA}
	EndGlobalSection
	GlobalSection(NestedProjects) = preSolution
		{DB77CE64-A9A0-4B13-9016-F8D441BF8F9C} = {12AFC53F-118C-48FF-9DA2-1C6C1D8B4B1C}
		{DEFA66E9-E064-40AE-B01B-DF5ABDD196AB} = {12AFC53F-118C-48FF-9DA2-1C6C1D8B4B1C}
		{6A6B2AD6-BEA3-40F9-8C30-78A802D58803} = {4D51B499-A928-44D5-A5E0-C8E1E27A4CE0}
		{5CC7D57A-340F-483C-84AA-6610D78033F7} = {4D51B499-A928-44D5-A5E0-C8E1E27A4CE0}
		{794AA080-FF11-4AAE-81F8-94C043CA7E67} = {4D51B499-A928-44D5-A5E0-C8E1E27A4CE0}
		{CEBE05A7-25BE-4ECC-93D1-6C74D4994EB9} = {4D51B499-A928-44D5-A5E0-C8E1E27A4CE0}
		{2EC628EC-2A35-43BA-B916-6EDCAE4F3F24} = {4D51B499-A928-44D5-A5E0-C8E1E27A4CE0}
		{C6ED8A36-5582-49BB-946B-708CE041F99D} = {12AFC53F-118C-48FF-9DA2-1C6C1D8B4B1C}
		{535F6DA6-1CA5-4EDB-9B25-FE0ADF3B4C45} = {12AFC53F-118C-48FF-9DA2-1C6C1D8B4B1C}
		{71C319C4-24DA-409B-90D3-565F899D3ACC} = {12AFC53F-118C-48FF-9DA2-1C6C1D8B4B1C}
		{67AE19C4-62B4-4649-9D9B-23FEBB09B688} = {4D51B499-A928-44D5-A5E0-C8E1E27A4CE0}
		{D386DC1D-79A0-4198-BBA8-B22597B94B3B} = {0D3290F9-529D-4430-A871-0763630D637E}
		{45AE630F-221B-4C01-A9DF-9C3BA3F521E0} = {0D3290F9-529D-4430-A871-0763630D637E}
		{FFFBFF4C-8799-4AD9-9497-0AAD7453A8F4} = {0D3290F9-529D-4430-A871-0763630D637E}
	EndGlobalSection
EndGlobal
